// !$*UTF8*$!
{
	archiveVersion = 1;
	classes = {
	};
	objectVersion = 51;
	objects = {

/* Begin PBXBuildFile section */
		1F938A1125AEB42D00EC4BF4 /* GFPNativeAdView.xib in Resources */ = {isa = PBXBuildFile; fileRef = 1F938A0F25AEB42D00EC4BF4 /* GFPNativeAdView.xib */; };
		1F938A1225AEB42D00EC4BF4 /* GFPNativeSimpleAdView.xib in Resources */ = {isa = PBXBuildFile; fileRef = 1F938A1025AEB42D00EC4BF4 /* GFPNativeSimpleAdView.xib */; };
		1F938A1C25AEC5A800EC4BF4 /* CallHistoryTextView.swift in Sources */ = {isa = PBXBuildFile; fileRef = 1F938A1B25AEC5A800EC4BF4 /* CallHistoryTextView.swift */; };
		1F938A6525AEE91400EC4BF4 /* SettingData.swift in Sources */ = {isa = PBXBuildFile; fileRef = 1F938A6425AEE91400EC4BF4 /* SettingData.swift */; };
		1F938AB425AFE88600EC4BF4 /* InputTableViewCell.swift in Sources */ = {isa = PBXBuildFile; fileRef = 1F938AB325AFE88600EC4BF4 /* InputTableViewCell.swift */; };
		1F938AB925AFE89700EC4BF4 /* InputTableViewCell.xib in Resources */ = {isa = PBXBuildFile; fileRef = 1F938AB825AFE89700EC4BF4 /* InputTableViewCell.xib */; };
		1F938B0E25B00C5500EC4BF4 /* SettingSelectTableViewCell.swift in Sources */ = {isa = PBXBuildFile; fileRef = 1F938B0D25B00C5500EC4BF4 /* SettingSelectTableViewCell.swift */; };
		1F938B1325B00C6800EC4BF4 /* SettingSelectTableViewCell.xib in Resources */ = {isa = PBXBuildFile; fileRef = 1F938B1225B00C6800EC4BF4 /* SettingSelectTableViewCell.xib */; };
		1F938B6D25B03FF200EC4BF4 /* DisplayAdViewController.swift in Sources */ = {isa = PBXBuildFile; fileRef = 1F938B6C25B03FF200EC4BF4 /* DisplayAdViewController.swift */; };
		1F938B9425B046A300EC4BF4 /* NativeBannerAdView.swift in Sources */ = {isa = PBXBuildFile; fileRef = 1F938B9325B046A300EC4BF4 /* NativeBannerAdView.swift */; };
		1F938B9925B046B000EC4BF4 /* NativeBannerAdView.xib in Resources */ = {isa = PBXBuildFile; fileRef = 1F938B9825B046AF00EC4BF4 /* NativeBannerAdView.xib */; };
		1F938BB325B11F3800EC4BF4 /* SettingManager.swift in Sources */ = {isa = PBXBuildFile; fileRef = 1F938BB225B11F3800EC4BF4 /* SettingManager.swift */; };
		1F938BB825B121E400EC4BF4 /* AdConfig.swift in Sources */ = {isa = PBXBuildFile; fileRef = 1F938BB725B121E400EC4BF4 /* AdConfig.swift */; };
		1F938BC325B161C100EC4BF4 /* SettingTableViewCell.swift in Sources */ = {isa = PBXBuildFile; fileRef = 1F938BC225B161C100EC4BF4 /* SettingTableViewCell.swift */; };
		1F938BCF25B161F300EC4BF4 /* SettingTableViewCell.xib in Resources */ = {isa = PBXBuildFile; fileRef = 1F938BCD25B161F300EC4BF4 /* SettingTableViewCell.xib */; };
		1F938BD725B1676300EC4BF4 /* SettingLanguageViewController.swift in Sources */ = {isa = PBXBuildFile; fileRef = 1F938BD625B1676300EC4BF4 /* SettingLanguageViewController.swift */; };
		1F938BDC25B1677800EC4BF4 /* SettingTimeoutViewController.swift in Sources */ = {isa = PBXBuildFile; fileRef = 1F938BDB25B1677800EC4BF4 /* SettingTimeoutViewController.swift */; };
		1F938BE125B1678900EC4BF4 /* SettingAdParamViewController.swift in Sources */ = {isa = PBXBuildFile; fileRef = 1F938BE025B1678900EC4BF4 /* SettingAdParamViewController.swift */; };
		1F938BE925B1715A00EC4BF4 /* SettingSliderTableViewCell.swift in Sources */ = {isa = PBXBuildFile; fileRef = 1F938BE825B1715A00EC4BF4 /* SettingSliderTableViewCell.swift */; };
		1F938BEE25B1718F00EC4BF4 /* SettingSliderTableViewCell.xib in Resources */ = {isa = PBXBuildFile; fileRef = 1F938BED25B1718E00EC4BF4 /* SettingSliderTableViewCell.xib */; };
		1FA3520325B5618900A86E25 /* AdTimeoutInfo.swift in Sources */ = {isa = PBXBuildFile; fileRef = 1FA351D625B5611400A86E25 /* AdTimeoutInfo.swift */; };
		1FAFC51F25CA74300037C96C /* SettingDedupeViewController.swift in Sources */ = {isa = PBXBuildFile; fileRef = 1FAFC51E25CA74300037C96C /* SettingDedupeViewController.swift */; };
		1FB55C872563B69B00486B6F /* AppDelegate.swift in Sources */ = {isa = PBXBuildFile; fileRef = 1FB55C862563B69B00486B6F /* AppDelegate.swift */; };
		1FB55C9E2563B69D00486B6F /* SwiftAdsSampleTests.swift in Sources */ = {isa = PBXBuildFile; fileRef = 1FB55C9D2563B69D00486B6F /* SwiftAdsSampleTests.swift */; };
		1FB55D0D2563B88F00486B6F /* Assets.xcassets in Resources */ = {isa = PBXBuildFile; fileRef = 1FB55D0C2563B88F00486B6F /* Assets.xcassets */; };
		1FB55D192563B8C900486B6F /* LaunchScreen.storyboard in Resources */ = {isa = PBXBuildFile; fileRef = 1FB55D172563B8C900486B6F /* LaunchScreen.storyboard */; };
		1FB55D1F2563B8D000486B6F /* Localizable.strings in Resources */ = {isa = PBXBuildFile; fileRef = 1FB55D1D2563B8D000486B6F /* Localizable.strings */; };
		1FB55D2A2563B95800486B6F /* AdGFPSDKManager.swift in Sources */ = {isa = PBXBuildFile; fileRef = 1FB55D292563B95800486B6F /* AdGFPSDKManager.swift */; };
		1FB55D5E2563C03C00486B6F /* UserDefault.swift in Sources */ = {isa = PBXBuildFile; fileRef = 1FB55D5D2563C03C00486B6F /* UserDefault.swift */; };
		1FB55D662563CFB500486B6F /* NotificationConstant.swift in Sources */ = {isa = PBXBuildFile; fileRef = 1FB55D652563CFB500486B6F /* NotificationConstant.swift */; };
		1FB55F17256605A800486B6F /* SettingViewController.swift in Sources */ = {isa = PBXBuildFile; fileRef = 1FB55F16256605A700486B6F /* SettingViewController.swift */; };
		1FB55F212566078B00486B6F /* MainViewController.swift in Sources */ = {isa = PBXBuildFile; fileRef = 1FB55EF6256604C200486B6F /* MainViewController.swift */; };
		1FB55F66256670A100486B6F /* SampleExtension.swift in Sources */ = {isa = PBXBuildFile; fileRef = 1FB55F65256670A000486B6F /* SampleExtension.swift */; };
		922C24E3A30F7E8F2B0CF37C /* Pods_SwiftAdsSample.framework in Frameworks */ = {isa = PBXBuildFile; fileRef = DA2125239225B225C5277AB8 /* Pods_SwiftAdsSample.framework */; };
		CE21A013282CDC54001FD1A3 /* AdUnitIDList.plist in Resources */ = {isa = PBXBuildFile; fileRef = CE21A012282CDC54001FD1A3 /* AdUnitIDList.plist */; };
		CE26BBE725BABBCA00F970AD /* NibLoadable.swift in Sources */ = {isa = PBXBuildFile; fileRef = CE26BBE625BABBCA00F970AD /* NibLoadable.swift */; };
		CE3B4CFC2820F2C700B55921 /* MainViewManager+UnitID.swift in Sources */ = {isa = PBXBuildFile; fileRef = CE3B4CFB2820F2C700B55921 /* MainViewManager+UnitID.swift */; };
		CE3B4D0C2822881400B55921 /* AdTypeViewConroller.swift in Sources */ = {isa = PBXBuildFile; fileRef = CE3B4D0B2822881400B55921 /* AdTypeViewConroller.swift */; };
		CE4353652828F07100F38F80 /* ControlPaneliPadDetailView.swift in Sources */ = {isa = PBXBuildFile; fileRef = CE4353642828F07100F38F80 /* ControlPaneliPadDetailView.swift */; };
		CE63C7AF28AF560300EB25B9 /* UnitIDList.swift in Sources */ = {isa = PBXBuildFile; fileRef = CE63C7AE28AF560300EB25B9 /* UnitIDList.swift */; };
		CEA4AB0D282E343E00B7B10D /* SettingSwitchTableViewCell.swift in Sources */ = {isa = PBXBuildFile; fileRef = CEA4AB0B282E343E00B7B10D /* SettingSwitchTableViewCell.swift */; };
		CEA4AB0E282E343E00B7B10D /* SettingSwitchTableViewCell.xib in Resources */ = {isa = PBXBuildFile; fileRef = CEA4AB0C282E343E00B7B10D /* SettingSwitchTableViewCell.xib */; };
		CEA4AB10282E57C900B7B10D /* SettingDarkModeSelectorTableViewCell.swift in Sources */ = {isa = PBXBuildFile; fileRef = CEA4AB0F282E57C900B7B10D /* SettingDarkModeSelectorTableViewCell.swift */; };
		CEA4AB12282E5DE600B7B10D /* SettingDarkModeSelectorTableViewCell.xib in Resources */ = {isa = PBXBuildFile; fileRef = CEA4AB11282E5DE600B7B10D /* SettingDarkModeSelectorTableViewCell.xib */; };
		CEFB1C7E28111EFD00F37E11 /* Utils.swift in Sources */ = {isa = PBXBuildFile; fileRef = CEFB1C7C28111EFD00F37E11 /* Utils.swift */; };
		CEFB1C7F28111EFD00F37E11 /* Styles.swift in Sources */ = {isa = PBXBuildFile; fileRef = CEFB1C7D28111EFD00F37E11 /* Styles.swift */; };
		CEFB1C8B28111F1B00F37E11 /* UnitIDViewController.storyboard in Resources */ = {isa = PBXBuildFile; fileRef = CEFB1C8428111F1B00F37E11 /* UnitIDViewController.storyboard */; };
		CEFB1C8C28111F1B00F37E11 /* UnitIDViewController.swift in Sources */ = {isa = PBXBuildFile; fileRef = CEFB1C8528111F1B00F37E11 /* UnitIDViewController.swift */; };
		CEFB1C9528111F5300F37E11 /* VerticalSplitView.swift in Sources */ = {isa = PBXBuildFile; fileRef = CEFB1C8F28111F5300F37E11 /* VerticalSplitView.swift */; };
		CEFB1C9628111F5300F37E11 /* Main.storyboard in Resources */ = {isa = PBXBuildFile; fileRef = CEFB1C9028111F5300F37E11 /* Main.storyboard */; };
		CEFB1C9828111F5300F37E11 /* MainViewController+Styles.swift in Sources */ = {isa = PBXBuildFile; fileRef = CEFB1C9228111F5300F37E11 /* MainViewController+Styles.swift */; };
		CEFB1C9A28111F5300F37E11 /* MainViewController+Actions.swift in Sources */ = {isa = PBXBuildFile; fileRef = CEFB1C9428111F5300F37E11 /* MainViewController+Actions.swift */; };
		CEFB1C9C28111FA100F37E11 /* MainViewManager.swift in Sources */ = {isa = PBXBuildFile; fileRef = CEFB1C9B28111FA100F37E11 /* MainViewManager.swift */; };
		CEFB1C9E2811205500F37E11 /* AdType.swift in Sources */ = {isa = PBXBuildFile; fileRef = CEFB1C9D2811205500F37E11 /* AdType.swift */; };
		CEFB1CA42811240D00F37E11 /* InterstitialAdViewController.swift in Sources */ = {isa = PBXBuildFile; fileRef = CEFB1CA32811240D00F37E11 /* InterstitialAdViewController.swift */; };
		CEFB1CA62811241000F37E11 /* RewardedAdViewController.swift in Sources */ = {isa = PBXBuildFile; fileRef = CEFB1CA52811241000F37E11 /* RewardedAdViewController.swift */; };
		CEFB1CAC281124D600F37E11 /* AdViewController.swift in Sources */ = {isa = PBXBuildFile; fileRef = CEFB1CAB281124D600F37E11 /* AdViewController.swift */; };
/* End PBXBuildFile section */

/* Begin PBXContainerItemProxy section */
		1FB55C9A2563B69D00486B6F /* PBXContainerItemProxy */ = {
			isa = PBXContainerItemProxy;
			containerPortal = 1FB55C7B2563B69B00486B6F /* Project object */;
			proxyType = 1;
			remoteGlobalIDString = 1FB55C822563B69B00486B6F;
			remoteInfo = AdsSampleApp;
		};
		1FB55CA52563B69D00486B6F /* PBXContainerItemProxy */ = {
			isa = PBXContainerItemProxy;
			containerPortal = 1FB55C7B2563B69B00486B6F /* Project object */;
			proxyType = 1;
			remoteGlobalIDString = 1FB55C822563B69B00486B6F;
			remoteInfo = AdsSampleApp;
		};
/* End PBXContainerItemProxy section */

/* Begin PBXFileReference section */
		1F938A0F25AEB42D00EC4BF4 /* GFPNativeAdView.xib */ = {isa = PBXFileReference; fileEncoding = 4; lastKnownFileType = file.xib; path = GFPNativeAdView.xib; sourceTree = "<group>"; };
		1F938A1025AEB42D00EC4BF4 /* GFPNativeSimpleAdView.xib */ = {isa = PBXFileReference; fileEncoding = 4; lastKnownFileType = file.xib; path = GFPNativeSimpleAdView.xib; sourceTree = "<group>"; };
		1F938A1B25AEC5A800EC4BF4 /* CallHistoryTextView.swift */ = {isa = PBXFileReference; lastKnownFileType = sourcecode.swift; path = CallHistoryTextView.swift; sourceTree = "<group>"; };
		1F938A6425AEE91400EC4BF4 /* SettingData.swift */ = {isa = PBXFileReference; lastKnownFileType = sourcecode.swift; path = SettingData.swift; sourceTree = "<group>"; };
		1F938AB325AFE88600EC4BF4 /* InputTableViewCell.swift */ = {isa = PBXFileReference; lastKnownFileType = sourcecode.swift; path = InputTableViewCell.swift; sourceTree = "<group>"; };
		1F938AB825AFE89700EC4BF4 /* InputTableViewCell.xib */ = {isa = PBXFileReference; fileEncoding = 4; lastKnownFileType = file.xib; path = InputTableViewCell.xib; sourceTree = "<group>"; };
		1F938B0D25B00C5500EC4BF4 /* SettingSelectTableViewCell.swift */ = {isa = PBXFileReference; lastKnownFileType = sourcecode.swift; path = SettingSelectTableViewCell.swift; sourceTree = "<group>"; };
		1F938B1225B00C6800EC4BF4 /* SettingSelectTableViewCell.xib */ = {isa = PBXFileReference; fileEncoding = 4; lastKnownFileType = file.xib; path = SettingSelectTableViewCell.xib; sourceTree = "<group>"; };
		1F938B6C25B03FF200EC4BF4 /* DisplayAdViewController.swift */ = {isa = PBXFileReference; fileEncoding = 4; lastKnownFileType = sourcecode.swift; path = DisplayAdViewController.swift; sourceTree = "<group>"; };
		1F938B9325B046A300EC4BF4 /* NativeBannerAdView.swift */ = {isa = PBXFileReference; lastKnownFileType = sourcecode.swift; path = NativeBannerAdView.swift; sourceTree = "<group>"; };
		1F938B9825B046AF00EC4BF4 /* NativeBannerAdView.xib */ = {isa = PBXFileReference; fileEncoding = 4; lastKnownFileType = file.xib; path = NativeBannerAdView.xib; sourceTree = "<group>"; };
		1F938BB225B11F3800EC4BF4 /* SettingManager.swift */ = {isa = PBXFileReference; lastKnownFileType = sourcecode.swift; path = SettingManager.swift; sourceTree = "<group>"; };
		1F938BB725B121E400EC4BF4 /* AdConfig.swift */ = {isa = PBXFileReference; lastKnownFileType = sourcecode.swift; path = AdConfig.swift; sourceTree = "<group>"; };
		1F938BC225B161C100EC4BF4 /* SettingTableViewCell.swift */ = {isa = PBXFileReference; lastKnownFileType = sourcecode.swift; path = SettingTableViewCell.swift; sourceTree = "<group>"; };
		1F938BCD25B161F300EC4BF4 /* SettingTableViewCell.xib */ = {isa = PBXFileReference; fileEncoding = 4; lastKnownFileType = file.xib; path = SettingTableViewCell.xib; sourceTree = "<group>"; };
		1F938BD625B1676300EC4BF4 /* SettingLanguageViewController.swift */ = {isa = PBXFileReference; lastKnownFileType = sourcecode.swift; path = SettingLanguageViewController.swift; sourceTree = "<group>"; };
		1F938BDB25B1677800EC4BF4 /* SettingTimeoutViewController.swift */ = {isa = PBXFileReference; lastKnownFileType = sourcecode.swift; path = SettingTimeoutViewController.swift; sourceTree = "<group>"; };
		1F938BE025B1678900EC4BF4 /* SettingAdParamViewController.swift */ = {isa = PBXFileReference; lastKnownFileType = sourcecode.swift; path = SettingAdParamViewController.swift; sourceTree = "<group>"; };
		1F938BE825B1715A00EC4BF4 /* SettingSliderTableViewCell.swift */ = {isa = PBXFileReference; lastKnownFileType = sourcecode.swift; path = SettingSliderTableViewCell.swift; sourceTree = "<group>"; };
		1F938BED25B1718E00EC4BF4 /* SettingSliderTableViewCell.xib */ = {isa = PBXFileReference; fileEncoding = 4; lastKnownFileType = file.xib; path = SettingSliderTableViewCell.xib; sourceTree = "<group>"; };
		1FA351D625B5611400A86E25 /* AdTimeoutInfo.swift */ = {isa = PBXFileReference; lastKnownFileType = sourcecode.swift; path = AdTimeoutInfo.swift; sourceTree = "<group>"; };
		1FAFC51E25CA74300037C96C /* SettingDedupeViewController.swift */ = {isa = PBXFileReference; lastKnownFileType = sourcecode.swift; path = SettingDedupeViewController.swift; sourceTree = "<group>"; };
		1FB55C832563B69B00486B6F /* SwiftAdsSample.app */ = {isa = PBXFileReference; explicitFileType = wrapper.application; includeInIndex = 0; path = SwiftAdsSample.app; sourceTree = BUILT_PRODUCTS_DIR; };
		1FB55C862563B69B00486B6F /* AppDelegate.swift */ = {isa = PBXFileReference; lastKnownFileType = sourcecode.swift; path = AppDelegate.swift; sourceTree = "<group>"; };
		1FB55C942563B69C00486B6F /* Info.plist */ = {isa = PBXFileReference; lastKnownFileType = text.plist.xml; path = Info.plist; sourceTree = "<group>"; };
		1FB55C992563B69D00486B6F /* AdsSampleAppTests.xctest */ = {isa = PBXFileReference; explicitFileType = wrapper.cfbundle; includeInIndex = 0; path = AdsSampleAppTests.xctest; sourceTree = BUILT_PRODUCTS_DIR; };
		1FB55C9D2563B69D00486B6F /* SwiftAdsSampleTests.swift */ = {isa = PBXFileReference; lastKnownFileType = sourcecode.swift; path = SwiftAdsSampleTests.swift; sourceTree = "<group>"; };
		1FB55C9F2563B69D00486B6F /* Info.plist */ = {isa = PBXFileReference; lastKnownFileType = text.plist.xml; path = Info.plist; sourceTree = "<group>"; };
		1FB55CA42563B69D00486B6F /* AdsSampleAppUITests.xctest */ = {isa = PBXFileReference; explicitFileType = wrapper.cfbundle; includeInIndex = 0; path = AdsSampleAppUITests.xctest; sourceTree = BUILT_PRODUCTS_DIR; };
		1FB55D0C2563B88F00486B6F /* Assets.xcassets */ = {isa = PBXFileReference; lastKnownFileType = folder.assetcatalog; path = Assets.xcassets; sourceTree = "<group>"; };
		1FB55D182563B8C900486B6F /* Base */ = {isa = PBXFileReference; lastKnownFileType = file.storyboard; name = Base; path = Base.lproj/LaunchScreen.storyboard; sourceTree = "<group>"; };
		1FB55D1E2563B8D000486B6F /* Base */ = {isa = PBXFileReference; lastKnownFileType = text.plist.strings; name = Base; path = Base.lproj/Localizable.strings; sourceTree = "<group>"; };
		1FB55D292563B95800486B6F /* AdGFPSDKManager.swift */ = {isa = PBXFileReference; lastKnownFileType = sourcecode.swift; path = AdGFPSDKManager.swift; sourceTree = "<group>"; };
		1FB55D5D2563C03C00486B6F /* UserDefault.swift */ = {isa = PBXFileReference; lastKnownFileType = sourcecode.swift; path = UserDefault.swift; sourceTree = "<group>"; };
		1FB55D652563CFB500486B6F /* NotificationConstant.swift */ = {isa = PBXFileReference; lastKnownFileType = sourcecode.swift; path = NotificationConstant.swift; sourceTree = "<group>"; };
		1FB55EF6256604C200486B6F /* MainViewController.swift */ = {isa = PBXFileReference; lastKnownFileType = sourcecode.swift; path = MainViewController.swift; sourceTree = "<group>"; };
		1FB55F16256605A700486B6F /* SettingViewController.swift */ = {isa = PBXFileReference; lastKnownFileType = sourcecode.swift; path = SettingViewController.swift; sourceTree = "<group>"; };
		1FB55F65256670A000486B6F /* SampleExtension.swift */ = {isa = PBXFileReference; lastKnownFileType = sourcecode.swift; path = SampleExtension.swift; sourceTree = "<group>"; };
		45142B05DD97A9F6AC2210A4 /* Pods-SwiftAdsSample.debug.xcconfig */ = {isa = PBXFileReference; includeInIndex = 1; lastKnownFileType = text.xcconfig; name = "Pods-SwiftAdsSample.debug.xcconfig"; path = "Target Support Files/Pods-SwiftAdsSample/Pods-SwiftAdsSample.debug.xcconfig"; sourceTree = "<group>"; };
		CE21A012282CDC54001FD1A3 /* AdUnitIDList.plist */ = {isa = PBXFileReference; fileEncoding = 4; lastKnownFileType = text.plist.xml; path = AdUnitIDList.plist; sourceTree = "<group>"; };
		CE26BBE625BABBCA00F970AD /* NibLoadable.swift */ = {isa = PBXFileReference; lastKnownFileType = sourcecode.swift; path = NibLoadable.swift; sourceTree = "<group>"; };
		CE3B4CFB2820F2C700B55921 /* MainViewManager+UnitID.swift */ = {isa = PBXFileReference; lastKnownFileType = sourcecode.swift; path = "MainViewManager+UnitID.swift"; sourceTree = "<group>"; };
		CE3B4D0B2822881400B55921 /* AdTypeViewConroller.swift */ = {isa = PBXFileReference; lastKnownFileType = sourcecode.swift; path = AdTypeViewConroller.swift; sourceTree = "<group>"; };
		CE4353642828F07100F38F80 /* ControlPaneliPadDetailView.swift */ = {isa = PBXFileReference; fileEncoding = 4; lastKnownFileType = sourcecode.swift; path = ControlPaneliPadDetailView.swift; sourceTree = "<group>"; };
		CE63C7AE28AF560300EB25B9 /* UnitIDList.swift */ = {isa = PBXFileReference; lastKnownFileType = sourcecode.swift; path = UnitIDList.swift; sourceTree = "<group>"; };
		CEA4AB0B282E343E00B7B10D /* SettingSwitchTableViewCell.swift */ = {isa = PBXFileReference; fileEncoding = 4; lastKnownFileType = sourcecode.swift; path = SettingSwitchTableViewCell.swift; sourceTree = "<group>"; };
		CEA4AB0C282E343E00B7B10D /* SettingSwitchTableViewCell.xib */ = {isa = PBXFileReference; fileEncoding = 4; lastKnownFileType = file.xib; path = SettingSwitchTableViewCell.xib; sourceTree = "<group>"; };
		CEA4AB0F282E57C900B7B10D /* SettingDarkModeSelectorTableViewCell.swift */ = {isa = PBXFileReference; lastKnownFileType = sourcecode.swift; path = SettingDarkModeSelectorTableViewCell.swift; sourceTree = "<group>"; };
		CEA4AB11282E5DE600B7B10D /* SettingDarkModeSelectorTableViewCell.xib */ = {isa = PBXFileReference; lastKnownFileType = file.xib; path = SettingDarkModeSelectorTableViewCell.xib; sourceTree = "<group>"; };
		CEFB1C7C28111EFD00F37E11 /* Utils.swift */ = {isa = PBXFileReference; fileEncoding = 4; lastKnownFileType = sourcecode.swift; path = Utils.swift; sourceTree = "<group>"; };
		CEFB1C7D28111EFD00F37E11 /* Styles.swift */ = {isa = PBXFileReference; fileEncoding = 4; lastKnownFileType = sourcecode.swift; path = Styles.swift; sourceTree = "<group>"; };
		CEFB1C8428111F1B00F37E11 /* UnitIDViewController.storyboard */ = {isa = PBXFileReference; fileEncoding = 4; lastKnownFileType = file.storyboard; path = UnitIDViewController.storyboard; sourceTree = "<group>"; };
		CEFB1C8528111F1B00F37E11 /* UnitIDViewController.swift */ = {isa = PBXFileReference; fileEncoding = 4; lastKnownFileType = sourcecode.swift; path = UnitIDViewController.swift; sourceTree = "<group>"; };
		CEFB1C8F28111F5300F37E11 /* VerticalSplitView.swift */ = {isa = PBXFileReference; fileEncoding = 4; lastKnownFileType = sourcecode.swift; path = VerticalSplitView.swift; sourceTree = "<group>"; };
		CEFB1C9028111F5300F37E11 /* Main.storyboard */ = {isa = PBXFileReference; fileEncoding = 4; lastKnownFileType = file.storyboard; path = Main.storyboard; sourceTree = "<group>"; };
		CEFB1C9228111F5300F37E11 /* MainViewController+Styles.swift */ = {isa = PBXFileReference; fileEncoding = 4; lastKnownFileType = sourcecode.swift; path = "MainViewController+Styles.swift"; sourceTree = "<group>"; };
		CEFB1C9428111F5300F37E11 /* MainViewController+Actions.swift */ = {isa = PBXFileReference; fileEncoding = 4; lastKnownFileType = sourcecode.swift; path = "MainViewController+Actions.swift"; sourceTree = "<group>"; };
		CEFB1C9B28111FA100F37E11 /* MainViewManager.swift */ = {isa = PBXFileReference; fileEncoding = 4; lastKnownFileType = sourcecode.swift; path = MainViewManager.swift; sourceTree = "<group>"; };
		CEFB1C9D2811205500F37E11 /* AdType.swift */ = {isa = PBXFileReference; fileEncoding = 4; lastKnownFileType = sourcecode.swift; path = AdType.swift; sourceTree = "<group>"; };
		CEFB1CA32811240D00F37E11 /* InterstitialAdViewController.swift */ = {isa = PBXFileReference; fileEncoding = 4; lastKnownFileType = sourcecode.swift; path = InterstitialAdViewController.swift; sourceTree = "<group>"; };
		CEFB1CA52811241000F37E11 /* RewardedAdViewController.swift */ = {isa = PBXFileReference; fileEncoding = 4; lastKnownFileType = sourcecode.swift; path = RewardedAdViewController.swift; sourceTree = "<group>"; };
		CEFB1CAB281124D600F37E11 /* AdViewController.swift */ = {isa = PBXFileReference; fileEncoding = 4; lastKnownFileType = sourcecode.swift; path = AdViewController.swift; sourceTree = "<group>"; };
		DA2125239225B225C5277AB8 /* Pods_SwiftAdsSample.framework */ = {isa = PBXFileReference; explicitFileType = wrapper.framework; includeInIndex = 0; path = Pods_SwiftAdsSample.framework; sourceTree = BUILT_PRODUCTS_DIR; };
		F82A62D4CF9162BC63BAFE6A /* Pods-SwiftAdsSample.release.xcconfig */ = {isa = PBXFileReference; includeInIndex = 1; lastKnownFileType = text.xcconfig; name = "Pods-SwiftAdsSample.release.xcconfig"; path = "Target Support Files/Pods-SwiftAdsSample/Pods-SwiftAdsSample.release.xcconfig"; sourceTree = "<group>"; };
/* End PBXFileReference section */

/* Begin PBXFrameworksBuildPhase section */
		1FB55C802563B69B00486B6F /* Frameworks */ = {
			isa = PBXFrameworksBuildPhase;
			buildActionMask = 2147483647;
			files = (
				922C24E3A30F7E8F2B0CF37C /* Pods_SwiftAdsSample.framework in Frameworks */,
			);
			runOnlyForDeploymentPostprocessing = 0;
		};
		1FB55C962563B69D00486B6F /* Frameworks */ = {
			isa = PBXFrameworksBuildPhase;
			buildActionMask = 2147483647;
			files = (
			);
			runOnlyForDeploymentPostprocessing = 0;
		};
		1FB55CA12563B69D00486B6F /* Frameworks */ = {
			isa = PBXFrameworksBuildPhase;
			buildActionMask = 2147483647;
			files = (
			);
			runOnlyForDeploymentPostprocessing = 0;
		};
/* End PBXFrameworksBuildPhase section */

/* Begin PBXGroup section */
		1A3FBBE1FDEDF71FA8EDF5FE /* Pods */ = {
			isa = PBXGroup;
			children = (
				45142B05DD97A9F6AC2210A4 /* Pods-SwiftAdsSample.debug.xcconfig */,
				F82A62D4CF9162BC63BAFE6A /* Pods-SwiftAdsSample.release.xcconfig */,
			);
			path = Pods;
			sourceTree = "<group>";
		};
		1F938A0E25AEB41F00EC4BF4 /* View */ = {
			isa = PBXGroup;
			children = (
				1F938B9325B046A300EC4BF4 /* NativeBannerAdView.swift */,
				1F938A0F25AEB42D00EC4BF4 /* GFPNativeAdView.xib */,
				1F938A1025AEB42D00EC4BF4 /* GFPNativeSimpleAdView.xib */,
				1F938B9825B046AF00EC4BF4 /* NativeBannerAdView.xib */,
			);
			path = View;
			sourceTree = "<group>";
		};
		1F938B5825B03CD500EC4BF4 /* Display */ = {
			isa = PBXGroup;
			children = (
				1F938B6C25B03FF200EC4BF4 /* DisplayAdViewController.swift */,
				1F938A0E25AEB41F00EC4BF4 /* View */,
			);
			path = Display;
			sourceTree = "<group>";
		};
		1FB55C7A2563B69B00486B6F = {
			isa = PBXGroup;
			children = (
				1FB55C852563B69B00486B6F /* SwiftAdsSample */,
				1FB55C9C2563B69D00486B6F /* SwiftAdsSampleTests */,
				1FB55C842563B69B00486B6F /* Products */,
				1A3FBBE1FDEDF71FA8EDF5FE /* Pods */,
				EF68940F3903158605FF63EF /* Frameworks */,
			);
			sourceTree = "<group>";
		};
		1FB55C842563B69B00486B6F /* Products */ = {
			isa = PBXGroup;
			children = (
				1FB55C832563B69B00486B6F /* SwiftAdsSample.app */,
				1FB55C992563B69D00486B6F /* AdsSampleAppTests.xctest */,
				1FB55CA42563B69D00486B6F /* AdsSampleAppUITests.xctest */,
			);
			name = Products;
			sourceTree = "<group>";
		};
		1FB55C852563B69B00486B6F /* SwiftAdsSample */ = {
			isa = PBXGroup;
			children = (
				1FB55D232563B90800486B6F /* Common */,
				1FB55D242563B90D00486B6F /* Data */,
				1FB55D252563B91000486B6F /* Manager */,
				1FB55D262563B91400486B6F /* Main */,
				1FB55D272563B91900486B6F /* Ad */,
				1FB55D282563B92200486B6F /* Setting */,
				1FB55CE42563B73200486B6F /* Resource */,
				1FB55C862563B69B00486B6F /* AppDelegate.swift */,
				1FB55C942563B69C00486B6F /* Info.plist */,
			);
			path = SwiftAdsSample;
			sourceTree = "<group>";
		};
		1FB55C9C2563B69D00486B6F /* SwiftAdsSampleTests */ = {
			isa = PBXGroup;
			children = (
				1FB55C9D2563B69D00486B6F /* SwiftAdsSampleTests.swift */,
				1FB55C9F2563B69D00486B6F /* Info.plist */,
			);
			path = SwiftAdsSampleTests;
			sourceTree = "<group>";
		};
		1FB55CE42563B73200486B6F /* Resource */ = {
			isa = PBXGroup;
			children = (
				CE21A012282CDC54001FD1A3 /* AdUnitIDList.plist */,
				1FB55D0C2563B88F00486B6F /* Assets.xcassets */,
				1FB55D1D2563B8D000486B6F /* Localizable.strings */,
				1FB55D172563B8C900486B6F /* LaunchScreen.storyboard */,
				CEFB1C9028111F5300F37E11 /* Main.storyboard */,
			);
			path = Resource;
			sourceTree = "<group>";
		};
		1FB55D232563B90800486B6F /* Common */ = {
			isa = PBXGroup;
			children = (
				CEFB1C7D28111EFD00F37E11 /* Styles.swift */,
				CEFB1C7C28111EFD00F37E11 /* Utils.swift */,
				1FB55D5D2563C03C00486B6F /* UserDefault.swift */,
				1FB55D652563CFB500486B6F /* NotificationConstant.swift */,
				1FB55F65256670A000486B6F /* SampleExtension.swift */,
				1F938A1B25AEC5A800EC4BF4 /* CallHistoryTextView.swift */,
				CE26BBE625BABBCA00F970AD /* NibLoadable.swift */,
			);
			path = Common;
			sourceTree = "<group>";
		};
		1FB55D242563B90D00486B6F /* Data */ = {
			isa = PBXGroup;
			children = (
				CEFB1C9D2811205500F37E11 /* AdType.swift */,
				1F938BB725B121E400EC4BF4 /* AdConfig.swift */,
				1FA351D625B5611400A86E25 /* AdTimeoutInfo.swift */,
				1F938A6425AEE91400EC4BF4 /* SettingData.swift */,
				CE63C7AE28AF560300EB25B9 /* UnitIDList.swift */,
			);
			path = Data;
			sourceTree = "<group>";
		};
		1FB55D252563B91000486B6F /* Manager */ = {
			isa = PBXGroup;
			children = (
				CEFB1C9B28111FA100F37E11 /* MainViewManager.swift */,
				CE3B4CFB2820F2C700B55921 /* MainViewManager+UnitID.swift */,
				1FB55D292563B95800486B6F /* AdGFPSDKManager.swift */,
				1F938BB225B11F3800EC4BF4 /* SettingManager.swift */,
			);
			path = Manager;
			sourceTree = "<group>";
		};
		1FB55D262563B91400486B6F /* Main */ = {
			isa = PBXGroup;
			children = (
				CE3B4D0B2822881400B55921 /* AdTypeViewConroller.swift */,
				1FB55EF6256604C200486B6F /* MainViewController.swift */,
				CEFB1C9428111F5300F37E11 /* MainViewController+Actions.swift */,
				CEFB1C9228111F5300F37E11 /* MainViewController+Styles.swift */,
				CEFB1C8F28111F5300F37E11 /* VerticalSplitView.swift */,
				CEFB1C8028111F1B00F37E11 /* ControlPanelDetails */,
			);
			path = Main;
			sourceTree = "<group>";
		};
		1FB55D272563B91900486B6F /* Ad */ = {
			isa = PBXGroup;
			children = (
				CEFB1CAB281124D600F37E11 /* AdViewController.swift */,
				4FB4DB9E261B541A00F636D8 /* Rewarded */,
				4FB4DB9D261B541800F636D8 /* Interstitial */,
				1F938B5825B03CD500EC4BF4 /* Display */,
			);
			path = Ad;
			sourceTree = "<group>";
		};
		1FB55D282563B92200486B6F /* Setting */ = {
			isa = PBXGroup;
			children = (
				1FB55F16256605A700486B6F /* SettingViewController.swift */,
				CEA4AB0A282E33FB00B7B10D /* Cells */,
				CEA4AB09282E332000B7B10D /* Details */,
			);
			path = Setting;
			sourceTree = "<group>";
		};
		4FB4DB9D261B541800F636D8 /* Interstitial */ = {
			isa = PBXGroup;
			children = (
				CEFB1CA32811240D00F37E11 /* InterstitialAdViewController.swift */,
			);
			path = Interstitial;
			sourceTree = "<group>";
		};
		4FB4DB9E261B541A00F636D8 /* Rewarded */ = {
			isa = PBXGroup;
			children = (
				CEFB1CA52811241000F37E11 /* RewardedAdViewController.swift */,
			);
			path = Rewarded;
			sourceTree = "<group>";
		};
		CEA4AB09282E332000B7B10D /* Details */ = {
			isa = PBXGroup;
			children = (
				1F938BE025B1678900EC4BF4 /* SettingAdParamViewController.swift */,
				1F938BD625B1676300EC4BF4 /* SettingLanguageViewController.swift */,
				1F938BDB25B1677800EC4BF4 /* SettingTimeoutViewController.swift */,
				1FAFC51E25CA74300037C96C /* SettingDedupeViewController.swift */,
			);
			path = Details;
			sourceTree = "<group>";
		};
		CEA4AB0A282E33FB00B7B10D /* Cells */ = {
			isa = PBXGroup;
			children = (
				CEA4AB0B282E343E00B7B10D /* SettingSwitchTableViewCell.swift */,
				CEA4AB0C282E343E00B7B10D /* SettingSwitchTableViewCell.xib */,
				1F938AB325AFE88600EC4BF4 /* InputTableViewCell.swift */,
				1F938AB825AFE89700EC4BF4 /* InputTableViewCell.xib */,
				1F938B0D25B00C5500EC4BF4 /* SettingSelectTableViewCell.swift */,
				1F938B1225B00C6800EC4BF4 /* SettingSelectTableViewCell.xib */,
				1F938BC225B161C100EC4BF4 /* SettingTableViewCell.swift */,
				1F938BCD25B161F300EC4BF4 /* SettingTableViewCell.xib */,
				1F938BE825B1715A00EC4BF4 /* SettingSliderTableViewCell.swift */,
				1F938BED25B1718E00EC4BF4 /* SettingSliderTableViewCell.xib */,
				CEA4AB0F282E57C900B7B10D /* SettingDarkModeSelectorTableViewCell.swift */,
				CEA4AB11282E5DE600B7B10D /* SettingDarkModeSelectorTableViewCell.xib */,
			);
			path = Cells;
			sourceTree = "<group>";
		};
		CEFB1C8028111F1B00F37E11 /* ControlPanelDetails */ = {
			isa = PBXGroup;
			children = (
				CE4353642828F07100F38F80 /* ControlPaneliPadDetailView.swift */,
				CEFB1C8228111F1B00F37E11 /* UnitID */,
			);
			path = ControlPanelDetails;
			sourceTree = "<group>";
		};
		CEFB1C8228111F1B00F37E11 /* UnitID */ = {
			isa = PBXGroup;
			children = (
				CEFB1C8428111F1B00F37E11 /* UnitIDViewController.storyboard */,
				CEFB1C8528111F1B00F37E11 /* UnitIDViewController.swift */,
			);
			path = UnitID;
			sourceTree = "<group>";
		};
		EF68940F3903158605FF63EF /* Frameworks */ = {
			isa = PBXGroup;
			children = (
				DA2125239225B225C5277AB8 /* Pods_SwiftAdsSample.framework */,
			);
			name = Frameworks;
			sourceTree = "<group>";
		};
/* End PBXGroup section */

/* Begin PBXNativeTarget section */
		1FB55C822563B69B00486B6F /* SwiftAdsSample */ = {
			isa = PBXNativeTarget;
			buildConfigurationList = 1FB55CAD2563B69D00486B6F /* Build configuration list for PBXNativeTarget "SwiftAdsSample" */;
			buildPhases = (
				150813BF8DC5ABAE47EC4253 /* [CP] Check Pods Manifest.lock */,
				1FB55C7F2563B69B00486B6F /* Sources */,
				1FB55C802563B69B00486B6F /* Frameworks */,
				1FB55C812563B69B00486B6F /* Resources */,
				B472E780EE22FEA2205F0A5C /* [CP] Embed Pods Frameworks */,
				A5FA51E078315EBEC2094784 /* [CP] Copy Pods Resources */,
			);
			buildRules = (
			);
			dependencies = (
			);
			name = SwiftAdsSample;
			productName = AdsSampleApp;
			productReference = 1FB55C832563B69B00486B6F /* SwiftAdsSample.app */;
			productType = "com.apple.product-type.application";
		};
		1FB55C982563B69D00486B6F /* AdsSampleAppTests */ = {
			isa = PBXNativeTarget;
			buildConfigurationList = 1FB55CB02563B69D00486B6F /* Build configuration list for PBXNativeTarget "AdsSampleAppTests" */;
			buildPhases = (
				1FB55C952563B69D00486B6F /* Sources */,
				1FB55C962563B69D00486B6F /* Frameworks */,
				1FB55C972563B69D00486B6F /* Resources */,
			);
			buildRules = (
			);
			dependencies = (
				1FB55C9B2563B69D00486B6F /* PBXTargetDependency */,
			);
			name = AdsSampleAppTests;
			productName = AdsSampleAppTests;
			productReference = 1FB55C992563B69D00486B6F /* AdsSampleAppTests.xctest */;
			productType = "com.apple.product-type.bundle.unit-test";
		};
		1FB55CA32563B69D00486B6F /* AdsSampleAppUITests */ = {
			isa = PBXNativeTarget;
			buildConfigurationList = 1FB55CB32563B69D00486B6F /* Build configuration list for PBXNativeTarget "AdsSampleAppUITests" */;
			buildPhases = (
				1FB55CA02563B69D00486B6F /* Sources */,
				1FB55CA12563B69D00486B6F /* Frameworks */,
				1FB55CA22563B69D00486B6F /* Resources */,
			);
			buildRules = (
			);
			dependencies = (
				1FB55CA62563B69D00486B6F /* PBXTargetDependency */,
			);
			name = AdsSampleAppUITests;
			productName = AdsSampleAppUITests;
			productReference = 1FB55CA42563B69D00486B6F /* AdsSampleAppUITests.xctest */;
			productType = "com.apple.product-type.bundle.ui-testing";
		};
/* End PBXNativeTarget section */

/* Begin PBXProject section */
		1FB55C7B2563B69B00486B6F /* Project object */ = {
			isa = PBXProject;
			attributes = {
				LastSwiftUpdateCheck = 1200;
				LastUpgradeCheck = 1200;
				TargetAttributes = {
					1FB55C822563B69B00486B6F = {
						CreatedOnToolsVersion = 12.0;
					};
					1FB55C982563B69D00486B6F = {
						CreatedOnToolsVersion = 12.0;
						TestTargetID = 1FB55C822563B69B00486B6F;
					};
					1FB55CA32563B69D00486B6F = {
						CreatedOnToolsVersion = 12.0;
						TestTargetID = 1FB55C822563B69B00486B6F;
					};
				};
			};
			buildConfigurationList = 1FB55C7E2563B69B00486B6F /* Build configuration list for PBXProject "SwiftAdsSample" */;
			compatibilityVersion = "Xcode 9.3";
			developmentRegion = en;
			hasScannedForEncodings = 0;
			knownRegions = (
				en,
				Base,
			);
			mainGroup = 1FB55C7A2563B69B00486B6F;
			productRefGroup = 1FB55C842563B69B00486B6F /* Products */;
			projectDirPath = "";
			projectRoot = "";
			targets = (
				1FB55C822563B69B00486B6F /* SwiftAdsSample */,
				1FB55C982563B69D00486B6F /* AdsSampleAppTests */,
				1FB55CA32563B69D00486B6F /* AdsSampleAppUITests */,
			);
		};
/* End PBXProject section */

/* Begin PBXResourcesBuildPhase section */
		1FB55C812563B69B00486B6F /* Resources */ = {
			isa = PBXResourcesBuildPhase;
			buildActionMask = 2147483647;
			files = (
				1FB55D192563B8C900486B6F /* LaunchScreen.storyboard in Resources */,
				CEA4AB12282E5DE600B7B10D /* SettingDarkModeSelectorTableViewCell.xib in Resources */,
				CE21A013282CDC54001FD1A3 /* AdUnitIDList.plist in Resources */,
				1FB55D1F2563B8D000486B6F /* Localizable.strings in Resources */,
				1F938BCF25B161F300EC4BF4 /* SettingTableViewCell.xib in Resources */,
				1F938AB925AFE89700EC4BF4 /* InputTableViewCell.xib in Resources */,
				1F938A1125AEB42D00EC4BF4 /* GFPNativeAdView.xib in Resources */,
				CEA4AB0E282E343E00B7B10D /* SettingSwitchTableViewCell.xib in Resources */,
				CEFB1C9628111F5300F37E11 /* Main.storyboard in Resources */,
				CEFB1C8B28111F1B00F37E11 /* UnitIDViewController.storyboard in Resources */,
				1FB55D0D2563B88F00486B6F /* Assets.xcassets in Resources */,
				1F938B1325B00C6800EC4BF4 /* SettingSelectTableViewCell.xib in Resources */,
				1F938BEE25B1718F00EC4BF4 /* SettingSliderTableViewCell.xib in Resources */,
				1F938A1225AEB42D00EC4BF4 /* GFPNativeSimpleAdView.xib in Resources */,
				1F938B9925B046B000EC4BF4 /* NativeBannerAdView.xib in Resources */,
			);
			runOnlyForDeploymentPostprocessing = 0;
		};
		1FB55C972563B69D00486B6F /* Resources */ = {
			isa = PBXResourcesBuildPhase;
			buildActionMask = 2147483647;
			files = (
			);
			runOnlyForDeploymentPostprocessing = 0;
		};
		1FB55CA22563B69D00486B6F /* Resources */ = {
			isa = PBXResourcesBuildPhase;
			buildActionMask = 2147483647;
			files = (
			);
			runOnlyForDeploymentPostprocessing = 0;
		};
/* End PBXResourcesBuildPhase section */

/* Begin PBXShellScriptBuildPhase section */
		150813BF8DC5ABAE47EC4253 /* [CP] Check Pods Manifest.lock */ = {
			isa = PBXShellScriptBuildPhase;
			buildActionMask = 2147483647;
			files = (
			);
			inputFileListPaths = (
			);
			inputPaths = (
				"${PODS_PODFILE_DIR_PATH}/Podfile.lock",
				"${PODS_ROOT}/Manifest.lock",
			);
			name = "[CP] Check Pods Manifest.lock";
			outputFileListPaths = (
			);
			outputPaths = (
				"$(DERIVED_FILE_DIR)/Pods-SwiftAdsSample-checkManifestLockResult.txt",
			);
			runOnlyForDeploymentPostprocessing = 0;
			shellPath = /bin/sh;
			shellScript = "diff \"${PODS_PODFILE_DIR_PATH}/Podfile.lock\" \"${PODS_ROOT}/Manifest.lock\" > /dev/null\nif [ $? != 0 ] ; then\n    # print error to STDERR\n    echo \"error: The sandbox is not in sync with the Podfile.lock. Run 'pod install' or update your CocoaPods installation.\" >&2\n    exit 1\nfi\n# This output is used by Xcode 'outputs' to avoid re-running this script phase.\necho \"SUCCESS\" > \"${SCRIPT_OUTPUT_FILE_0}\"\n";
			showEnvVarsInLog = 0;
		};
		A5FA51E078315EBEC2094784 /* [CP] Copy Pods Resources */ = {
			isa = PBXShellScriptBuildPhase;
			buildActionMask = 2147483647;
			files = (
			);
			inputFileListPaths = (
				"${PODS_ROOT}/Target Support Files/Pods-SwiftAdsSample/Pods-SwiftAdsSample-resources-${CONFIGURATION}-input-files.xcfilelist",
			);
			name = "[CP] Copy Pods Resources";
			outputFileListPaths = (
				"${PODS_ROOT}/Target Support Files/Pods-SwiftAdsSample/Pods-SwiftAdsSample-resources-${CONFIGURATION}-output-files.xcfilelist",
			);
			runOnlyForDeploymentPostprocessing = 0;
			shellPath = /bin/sh;
			shellScript = "\"${PODS_ROOT}/Target Support Files/Pods-SwiftAdsSample/Pods-SwiftAdsSample-resources.sh\"\n";
			showEnvVarsInLog = 0;
		};
		B472E780EE22FEA2205F0A5C /* [CP] Embed Pods Frameworks */ = {
			isa = PBXShellScriptBuildPhase;
			buildActionMask = 2147483647;
			files = (
			);
			inputFileListPaths = (
				"${PODS_ROOT}/Target Support Files/Pods-SwiftAdsSample/Pods-SwiftAdsSample-frameworks-${CONFIGURATION}-input-files.xcfilelist",
			);
			name = "[CP] Embed Pods Frameworks";
			outputFileListPaths = (
				"${PODS_ROOT}/Target Support Files/Pods-SwiftAdsSample/Pods-SwiftAdsSample-frameworks-${CONFIGURATION}-output-files.xcfilelist",
			);
			runOnlyForDeploymentPostprocessing = 0;
			shellPath = /bin/sh;
			shellScript = "\"${PODS_ROOT}/Target Support Files/Pods-SwiftAdsSample/Pods-SwiftAdsSample-frameworks.sh\"\n";
			showEnvVarsInLog = 0;
		};
/* End PBXShellScriptBuildPhase section */

/* Begin PBXSourcesBuildPhase section */
		1FB55C7F2563B69B00486B6F /* Sources */ = {
			isa = PBXSourcesBuildPhase;
			buildActionMask = 2147483647;
			files = (
				1F938BE125B1678900EC4BF4 /* SettingAdParamViewController.swift in Sources */,
				1F938BC325B161C100EC4BF4 /* SettingTableViewCell.swift in Sources */,
				CEFB1C9C28111FA100F37E11 /* MainViewManager.swift in Sources */,
				CEFB1C9E2811205500F37E11 /* AdType.swift in Sources */,
				CE63C7AF28AF560300EB25B9 /* UnitIDList.swift in Sources */,
				1FB55F212566078B00486B6F /* MainViewController.swift in Sources */,
				1F938BD725B1676300EC4BF4 /* SettingLanguageViewController.swift in Sources */,
				1F938A1C25AEC5A800EC4BF4 /* CallHistoryTextView.swift in Sources */,
				CEFB1C9528111F5300F37E11 /* VerticalSplitView.swift in Sources */,
				CE3B4D0C2822881400B55921 /* AdTypeViewConroller.swift in Sources */,
				1F938BB825B121E400EC4BF4 /* AdConfig.swift in Sources */,
				CEFB1C7E28111EFD00F37E11 /* Utils.swift in Sources */,
				CE3B4CFC2820F2C700B55921 /* MainViewManager+UnitID.swift in Sources */,
				CEFB1CA62811241000F37E11 /* RewardedAdViewController.swift in Sources */,
				1FB55D662563CFB500486B6F /* NotificationConstant.swift in Sources */,
				1F938B0E25B00C5500EC4BF4 /* SettingSelectTableViewCell.swift in Sources */,
				1FB55F17256605A800486B6F /* SettingViewController.swift in Sources */,
				CEFB1CAC281124D600F37E11 /* AdViewController.swift in Sources */,
				1F938B6D25B03FF200EC4BF4 /* DisplayAdViewController.swift in Sources */,
				1FB55C872563B69B00486B6F /* AppDelegate.swift in Sources */,
				CEFB1C9828111F5300F37E11 /* MainViewController+Styles.swift in Sources */,
				1FAFC51F25CA74300037C96C /* SettingDedupeViewController.swift in Sources */,
				CE26BBE725BABBCA00F970AD /* NibLoadable.swift in Sources */,
				CEA4AB10282E57C900B7B10D /* SettingDarkModeSelectorTableViewCell.swift in Sources */,
				CE4353652828F07100F38F80 /* ControlPaneliPadDetailView.swift in Sources */,
				1F938B9425B046A300EC4BF4 /* NativeBannerAdView.swift in Sources */,
				CEFB1C8C28111F1B00F37E11 /* UnitIDViewController.swift in Sources */,
				1F938BE925B1715A00EC4BF4 /* SettingSliderTableViewCell.swift in Sources */,
				1F938BDC25B1677800EC4BF4 /* SettingTimeoutViewController.swift in Sources */,
				1F938AB425AFE88600EC4BF4 /* InputTableViewCell.swift in Sources */,
				1FA3520325B5618900A86E25 /* AdTimeoutInfo.swift in Sources */,
				CEFB1CA42811240D00F37E11 /* InterstitialAdViewController.swift in Sources */,
				CEFB1C7F28111EFD00F37E11 /* Styles.swift in Sources */,
				CEFB1C9A28111F5300F37E11 /* MainViewController+Actions.swift in Sources */,
				1FB55D5E2563C03C00486B6F /* UserDefault.swift in Sources */,
				1FB55F66256670A100486B6F /* SampleExtension.swift in Sources */,
				CEA4AB0D282E343E00B7B10D /* SettingSwitchTableViewCell.swift in Sources */,
				1F938A6525AEE91400EC4BF4 /* SettingData.swift in Sources */,
				1FB55D2A2563B95800486B6F /* AdGFPSDKManager.swift in Sources */,
				1F938BB325B11F3800EC4BF4 /* SettingManager.swift in Sources */,
			);
			runOnlyForDeploymentPostprocessing = 0;
		};
		1FB55C952563B69D00486B6F /* Sources */ = {
			isa = PBXSourcesBuildPhase;
			buildActionMask = 2147483647;
			files = (
				1FB55C9E2563B69D00486B6F /* SwiftAdsSampleTests.swift in Sources */,
			);
			runOnlyForDeploymentPostprocessing = 0;
		};
		1FB55CA02563B69D00486B6F /* Sources */ = {
			isa = PBXSourcesBuildPhase;
			buildActionMask = 2147483647;
			files = (
			);
			runOnlyForDeploymentPostprocessing = 0;
		};
/* End PBXSourcesBuildPhase section */

/* Begin PBXTargetDependency section */
		1FB55C9B2563B69D00486B6F /* PBXTargetDependency */ = {
			isa = PBXTargetDependency;
			target = 1FB55C822563B69B00486B6F /* SwiftAdsSample */;
			targetProxy = 1FB55C9A2563B69D00486B6F /* PBXContainerItemProxy */;
		};
		1FB55CA62563B69D00486B6F /* PBXTargetDependency */ = {
			isa = PBXTargetDependency;
			target = 1FB55C822563B69B00486B6F /* SwiftAdsSample */;
			targetProxy = 1FB55CA52563B69D00486B6F /* PBXContainerItemProxy */;
		};
/* End PBXTargetDependency section */

/* Begin PBXVariantGroup section */
		1FB55D172563B8C900486B6F /* LaunchScreen.storyboard */ = {
			isa = PBXVariantGroup;
			children = (
				1FB55D182563B8C900486B6F /* Base */,
			);
			name = LaunchScreen.storyboard;
			sourceTree = "<group>";
		};
		1FB55D1D2563B8D000486B6F /* Localizable.strings */ = {
			isa = PBXVariantGroup;
			children = (
				1FB55D1E2563B8D000486B6F /* Base */,
			);
			name = Localizable.strings;
			sourceTree = "<group>";
		};
/* End PBXVariantGroup section */

/* Begin XCBuildConfiguration section */
		1FB55CAB2563B69D00486B6F /* Debug */ = {
			isa = XCBuildConfiguration;
			buildSettings = {
				ALWAYS_SEARCH_USER_PATHS = NO;
				CLANG_ANALYZER_NONNULL = YES;
				CLANG_ANALYZER_NUMBER_OBJECT_CONVERSION = YES_AGGRESSIVE;
				CLANG_CXX_LANGUAGE_STANDARD = "gnu++14";
				CLANG_CXX_LIBRARY = "libc++";
				CLANG_ENABLE_MODULES = YES;
				CLANG_ENABLE_OBJC_ARC = YES;
				CLANG_ENABLE_OBJC_WEAK = YES;
				CLANG_WARN_BLOCK_CAPTURE_AUTORELEASING = YES;
				CLANG_WARN_BOOL_CONVERSION = YES;
				CLANG_WARN_COMMA = YES;
				CLANG_WARN_CONSTANT_CONVERSION = YES;
				CLANG_WARN_DEPRECATED_OBJC_IMPLEMENTATIONS = YES;
				CLANG_WARN_DIRECT_OBJC_ISA_USAGE = YES_ERROR;
				CLANG_WARN_DOCUMENTATION_COMMENTS = YES;
				CLANG_WARN_EMPTY_BODY = YES;
				CLANG_WARN_ENUM_CONVERSION = YES;
				CLANG_WARN_INFINITE_RECURSION = YES;
				CLANG_WARN_INT_CONVERSION = YES;
				CLANG_WARN_NON_LITERAL_NULL_CONVERSION = YES;
				CLANG_WARN_OBJC_IMPLICIT_RETAIN_SELF = YES;
				CLANG_WARN_OBJC_LITERAL_CONVERSION = YES;
				CLANG_WARN_OBJC_ROOT_CLASS = YES_ERROR;
				CLANG_WARN_QUOTED_INCLUDE_IN_FRAMEWORK_HEADER = YES;
				CLANG_WARN_RANGE_LOOP_ANALYSIS = YES;
				CLANG_WARN_STRICT_PROTOTYPES = YES;
				CLANG_WARN_SUSPICIOUS_MOVE = YES;
				CLANG_WARN_UNGUARDED_AVAILABILITY = YES_AGGRESSIVE;
				CLANG_WARN_UNREACHABLE_CODE = YES;
				CLANG_WARN__DUPLICATE_METHOD_MATCH = YES;
				COPY_PHASE_STRIP = NO;
				DEBUG_INFORMATION_FORMAT = dwarf;
				ENABLE_STRICT_OBJC_MSGSEND = YES;
				ENABLE_TESTABILITY = YES;
				GCC_C_LANGUAGE_STANDARD = gnu11;
				GCC_DYNAMIC_NO_PIC = NO;
				GCC_NO_COMMON_BLOCKS = YES;
				GCC_OPTIMIZATION_LEVEL = 0;
				GCC_PREPROCESSOR_DEFINITIONS = (
					"DEBUG=1",
					"$(inherited)",
				);
				GCC_WARN_64_TO_32_BIT_CONVERSION = YES;
				GCC_WARN_ABOUT_RETURN_TYPE = YES_ERROR;
				GCC_WARN_UNDECLARED_SELECTOR = YES;
				GCC_WARN_UNINITIALIZED_AUTOS = YES_AGGRESSIVE;
				GCC_WARN_UNUSED_FUNCTION = YES;
				GCC_WARN_UNUSED_VARIABLE = YES;
				IPHONEOS_DEPLOYMENT_TARGET = 14.0;
				MTL_ENABLE_DEBUG_INFO = INCLUDE_SOURCE;
				MTL_FAST_MATH = YES;
				ONLY_ACTIVE_ARCH = YES;
				SDKROOT = iphoneos;
				SWIFT_ACTIVE_COMPILATION_CONDITIONS = DEBUG;
				SWIFT_OPTIMIZATION_LEVEL = "-Onone";
				SWIFT_VERSION = 5.0;
			};
			name = Debug;
		};
		1FB55CAC2563B69D00486B6F /* Release */ = {
			isa = XCBuildConfiguration;
			buildSettings = {
				ALWAYS_SEARCH_USER_PATHS = NO;
				CLANG_ANALYZER_NONNULL = YES;
				CLANG_ANALYZER_NUMBER_OBJECT_CONVERSION = YES_AGGRESSIVE;
				CLANG_CXX_LANGUAGE_STANDARD = "gnu++14";
				CLANG_CXX_LIBRARY = "libc++";
				CLANG_ENABLE_MODULES = YES;
				CLANG_ENABLE_OBJC_ARC = YES;
				CLANG_ENABLE_OBJC_WEAK = YES;
				CLANG_WARN_BLOCK_CAPTURE_AUTORELEASING = YES;
				CLANG_WARN_BOOL_CONVERSION = YES;
				CLANG_WARN_COMMA = YES;
				CLANG_WARN_CONSTANT_CONVERSION = YES;
				CLANG_WARN_DEPRECATED_OBJC_IMPLEMENTATIONS = YES;
				CLANG_WARN_DIRECT_OBJC_ISA_USAGE = YES_ERROR;
				CLANG_WARN_DOCUMENTATION_COMMENTS = YES;
				CLANG_WARN_EMPTY_BODY = YES;
				CLANG_WARN_ENUM_CONVERSION = YES;
				CLANG_WARN_INFINITE_RECURSION = YES;
				CLANG_WARN_INT_CONVERSION = YES;
				CLANG_WARN_NON_LITERAL_NULL_CONVERSION = YES;
				CLANG_WARN_OBJC_IMPLICIT_RETAIN_SELF = YES;
				CLANG_WARN_OBJC_LITERAL_CONVERSION = YES;
				CLANG_WARN_OBJC_ROOT_CLASS = YES_ERROR;
				CLANG_WARN_QUOTED_INCLUDE_IN_FRAMEWORK_HEADER = YES;
				CLANG_WARN_RANGE_LOOP_ANALYSIS = YES;
				CLANG_WARN_STRICT_PROTOTYPES = YES;
				CLANG_WARN_SUSPICIOUS_MOVE = YES;
				CLANG_WARN_UNGUARDED_AVAILABILITY = YES_AGGRESSIVE;
				CLANG_WARN_UNREACHABLE_CODE = YES;
				CLANG_WARN__DUPLICATE_METHOD_MATCH = YES;
				COPY_PHASE_STRIP = NO;
				DEBUG_INFORMATION_FORMAT = "dwarf-with-dsym";
				ENABLE_NS_ASSERTIONS = NO;
				ENABLE_STRICT_OBJC_MSGSEND = YES;
				GCC_C_LANGUAGE_STANDARD = gnu11;
				GCC_NO_COMMON_BLOCKS = YES;
				GCC_WARN_64_TO_32_BIT_CONVERSION = YES;
				GCC_WARN_ABOUT_RETURN_TYPE = YES_ERROR;
				GCC_WARN_UNDECLARED_SELECTOR = YES;
				GCC_WARN_UNINITIALIZED_AUTOS = YES_AGGRESSIVE;
				GCC_WARN_UNUSED_FUNCTION = YES;
				GCC_WARN_UNUSED_VARIABLE = YES;
				IPHONEOS_DEPLOYMENT_TARGET = 14.0;
				MTL_ENABLE_DEBUG_INFO = NO;
				MTL_FAST_MATH = YES;
				SDKROOT = iphoneos;
				SWIFT_COMPILATION_MODE = wholemodule;
				SWIFT_OPTIMIZATION_LEVEL = "-O";
				SWIFT_VERSION = 5.0;
				VALIDATE_PRODUCT = YES;
			};
			name = Release;
		};
		1FB55CAE2563B69D00486B6F /* Debug */ = {
			isa = XCBuildConfiguration;
			baseConfigurationReference = 45142B05DD97A9F6AC2210A4 /* Pods-SwiftAdsSample.debug.xcconfig */;
			buildSettings = {
				ASSETCATALOG_COMPILER_APPICON_NAME = AppIcon;
				ASSETCATALOG_COMPILER_GLOBAL_ACCENT_COLOR_NAME = AccentColor;
				CODE_SIGN_STYLE = Automatic;
				DEVELOPMENT_TEAM = A2YJ9ZX2DS;
				INFOPLIST_FILE = "$(SRCROOT)/SwiftAdsSample/Info.plist";
				IPHONEOS_DEPLOYMENT_TARGET = 11.0;
				LD_RUNPATH_SEARCH_PATHS = (
					"$(inherited)",
					"@executable_path/Frameworks",
				);
				PRODUCT_BUNDLE_IDENTIFIER = com.navercorp.da.gfp.SwiftAdsSample;
				PRODUCT_NAME = "$(TARGET_NAME)";
				SWIFT_VERSION = 5.0;
				TARGETED_DEVICE_FAMILY = "1,2";
			};
			name = Debug;
		};
		1FB55CAF2563B69D00486B6F /* Release */ = {
			isa = XCBuildConfiguration;
			baseConfigurationReference = F82A62D4CF9162BC63BAFE6A /* Pods-SwiftAdsSample.release.xcconfig */;
			buildSettings = {
				ASSETCATALOG_COMPILER_APPICON_NAME = AppIcon;
				ASSETCATALOG_COMPILER_GLOBAL_ACCENT_COLOR_NAME = AccentColor;
				CODE_SIGN_STYLE = Automatic;
				DEVELOPMENT_TEAM = A2YJ9ZX2DS;
				INFOPLIST_FILE = "$(SRCROOT)/SwiftAdsSample/Info.plist";
				IPHONEOS_DEPLOYMENT_TARGET = 11.0;
				LD_RUNPATH_SEARCH_PATHS = (
					"$(inherited)",
					"@executable_path/Frameworks",
				);
				PRODUCT_BUNDLE_IDENTIFIER = com.navercorp.da.gfp.SwiftAdsSample;
				PRODUCT_NAME = "$(TARGET_NAME)";
				SWIFT_VERSION = 5.0;
				TARGETED_DEVICE_FAMILY = "1,2";
			};
			name = Release;
		};
		1FB55CB12563B69D00486B6F /* Debug */ = {
			isa = XCBuildConfiguration;
			buildSettings = {
				ALWAYS_EMBED_SWIFT_STANDARD_LIBRARIES = YES;
				BUNDLE_LOADER = "$(TEST_HOST)";
				CODE_SIGN_STYLE = Automatic;
				INFOPLIST_FILE = AdsSampleAppTests/Info.plist;
				IPHONEOS_DEPLOYMENT_TARGET = 14.0;
				LD_RUNPATH_SEARCH_PATHS = (
					"$(inherited)",
					"@executable_path/Frameworks",
					"@loader_path/Frameworks",
				);
				PRODUCT_BUNDLE_IDENTIFIER = com.navercorp.da.gfp.AdsSampleAppTests;
				PRODUCT_NAME = "$(TARGET_NAME)";
				SWIFT_VERSION = 5.0;
				TARGETED_DEVICE_FAMILY = "1,2";
				TEST_HOST = "$(BUILT_PRODUCTS_DIR)/AdsSampleApp.app/AdsSampleApp";
			};
			name = Debug;
		};
		1FB55CB22563B69D00486B6F /* Release */ = {
			isa = XCBuildConfiguration;
			buildSettings = {
				ALWAYS_EMBED_SWIFT_STANDARD_LIBRARIES = YES;
				BUNDLE_LOADER = "$(TEST_HOST)";
				CODE_SIGN_STYLE = Automatic;
				INFOPLIST_FILE = AdsSampleAppTests/Info.plist;
				IPHONEOS_DEPLOYMENT_TARGET = 14.0;
				LD_RUNPATH_SEARCH_PATHS = (
					"$(inherited)",
					"@executable_path/Frameworks",
					"@loader_path/Frameworks",
				);
				PRODUCT_BUNDLE_IDENTIFIER = com.navercorp.da.gfp.AdsSampleAppTests;
				PRODUCT_NAME = "$(TARGET_NAME)";
				SWIFT_VERSION = 5.0;
				TARGETED_DEVICE_FAMILY = "1,2";
				TEST_HOST = "$(BUILT_PRODUCTS_DIR)/AdsSampleApp.app/AdsSampleApp";
			};
			name = Release;
		};
		1FB55CB42563B69D00486B6F /* Debug */ = {
			isa = XCBuildConfiguration;
			buildSettings = {
				ALWAYS_EMBED_SWIFT_STANDARD_LIBRARIES = YES;
				CODE_SIGN_STYLE = Automatic;
				INFOPLIST_FILE = AdsSampleAppUITests/Info.plist;
				LD_RUNPATH_SEARCH_PATHS = (
					"$(inherited)",
					"@executable_path/Frameworks",
					"@loader_path/Frameworks",
				);
				PRODUCT_BUNDLE_IDENTIFIER = com.navercorp.da.gfp.AdsSampleAppUITests;
				PRODUCT_NAME = "$(TARGET_NAME)";
				SWIFT_VERSION = 5.0;
				TARGETED_DEVICE_FAMILY = "1,2";
				TEST_TARGET_NAME = AdsSampleApp;
			};
			name = Debug;
		};
		1FB55CB52563B69D00486B6F /* Release */ = {
			isa = XCBuildConfiguration;
			buildSettings = {
				ALWAYS_EMBED_SWIFT_STANDARD_LIBRARIES = YES;
				CODE_SIGN_STYLE = Automatic;
				INFOPLIST_FILE = AdsSampleAppUITests/Info.plist;
				LD_RUNPATH_SEARCH_PATHS = (
					"$(inherited)",
					"@executable_path/Frameworks",
					"@loader_path/Frameworks",
				);
				PRODUCT_BUNDLE_IDENTIFIER = com.navercorp.da.gfp.AdsSampleAppUITests;
				PRODUCT_NAME = "$(TARGET_NAME)";
				SWIFT_VERSION = 5.0;
				TARGETED_DEVICE_FAMILY = "1,2";
				TEST_TARGET_NAME = AdsSampleApp;
			};
			name = Release;
		};
/* End XCBuildConfiguration section */

/* Begin XCConfigurationList section */
		1FB55C7E2563B69B00486B6F /* Build configuration list for PBXProject "SwiftAdsSample" */ = {
			isa = XCConfigurationList;
			buildConfigurations = (
				1FB55CAB2563B69D00486B6F /* Debug */,
				1FB55CAC2563B69D00486B6F /* Release */,
			);
			defaultConfigurationIsVisible = 0;
			defaultConfigurationName = Release;
		};
		1FB55CAD2563B69D00486B6F /* Build configuration list for PBXNativeTarget "SwiftAdsSample" */ = {
			isa = XCConfigurationList;
			buildConfigurations = (
				1FB55CAE2563B69D00486B6F /* Debug */,
				1FB55CAF2563B69D00486B6F /* Release */,
			);
			defaultConfigurationIsVisible = 0;
			defaultConfigurationName = Release;
		};
		1FB55CB02563B69D00486B6F /* Build configuration list for PBXNativeTarget "AdsSampleAppTests" */ = {
			isa = XCConfigurationList;
			buildConfigurations = (
				1FB55CB12563B69D00486B6F /* Debug */,
				1FB55CB22563B69D00486B6F /* Release */,
			);
			defaultConfigurationIsVisible = 0;
			defaultConfigurationName = Release;
		};
		1FB55CB32563B69D00486B6F /* Build configuration list for PBXNativeTarget "AdsSampleAppUITests" */ = {
			isa = XCConfigurationList;
			buildConfigurations = (
				1FB55CB42563B69D00486B6F /* Debug */,
				1FB55CB52563B69D00486B6F /* Release */,
			);
			defaultConfigurationIsVisible = 0;
			defaultConfigurationName = Release;
		};
/* End XCConfigurationList section */
	};
	rootObject = 1FB55C7B2563B69B00486B6F /* Project object */;
}
