{
  "originHash" : "2d4f49d599a7c50a943927a795182ef5d5ac78dc64ac4752bcd373c366fe51af",
  "pins" : [
    {
      "identity" : "kissxml",
      "kind" : "remoteSourceControl",
      "location" : "https://github.com/robbiehanson/KissXML.git",
      "state" : {
        "revision" : "990cdef080213b5a3f0d9709b845d553bd3ddb97",
        "version" : "5.3.3"
      }
    },
    {
      "identity" : "nas-sdk-ios",
      "kind" : "remoteSourceControl",
      "location" : "https://github.com/naver/nas-sdk-ios.git",
      "state" : {
        "revision" : "e9334ebe1ad31e509629a26b59095c5748f2e1e3",
        "version" : "1.1.2-test"
      }
    }
  ],
  "version" : 3
}
