{
  "originHash" : "b788fff42342d5321d1020c060eb9527605c5328d24b4905b7a5c9b76c6f9d54",
  "pins" : [
    {
      "identity" : "nas-sdk-ios",
      "kind" : "remoteSourceControl",
      "location" : "https://github.com/naver/nas-sdk-ios.git",
      "state" : {
        "revision" : "15ae36649d04f06250b0acf5ecccd15a3b7440bb",
        "version" : "1.5.8"
      }
    }
  ],
  "version" : 3
}
