{
  "originHash" : "ae1260a665e062c439950797412b71710ebb6fcebd8edbfc106dfe6c9ee5345e",
  "pins" : [
    {
      "identity" : "kissxml",
      "kind" : "remoteSourceControl",
      "location" : "https://github.com/robbiehanson/KissXML.git",
      "state" : {
        "revision" : "990cdef080213b5a3f0d9709b845d553bd3ddb97",
        "version" : "5.3.3"
      }
    },
    {
      "identity" : "nam-sdk-ios",
      "kind" : "remoteSourceControl",
      "location" : "https://github.com/naver/nam-sdk-ios.git",
      "state" : {
        "revision" : "9632faa689002da9700e3a2b6e5a54e2ecf1ea18",
        "version" : "8.24.3"
      }
    },
    {
      "identity" : "nas-sdk-ios",
      "kind" : "remoteSourceControl",
      "location" : "https://github.com/naver/nas-sdk-ios.git",
      "state" : {
        "revision" : "15ae36649d04f06250b0acf5ecccd15a3b7440bb",
        "version" : "1.5.8"
      }
    },
    {
      "identity" : "snapkit",
      "kind" : "remoteSourceControl",
      "location" : "https://github.com/SnapKit/SnapKit.git",
      "state" : {
        "revision" : "2842e6e84e82eb9a8dac0100ca90d9444b0307f4",
        "version" : "5.7.1"
      }
    }
  ],
  "version" : 3
}
