PODS:
  - AmazonPublisherServicesSDK (3.4.6)
  - FBAudienceNetwork (6.12.0)
  - Google-Mobile-Ads-SDK (10.1.0):
    - GoogleAppMeasurement (< 11.0, >= 7.0)
    - GoogleUserMessagingPlatform (>= 1.1)
  - GoogleAppMeasurement (10.10.0):
    - GoogleAppMeasurement/AdIdSupport (= 10.10.0)
    - GoogleUtilities/AppDelegateSwizzler (~> 7.11)
    - GoogleUtilities/MethodSwizzler (~> 7.11)
    - GoogleUtilities/Network (~> 7.11)
    - "GoogleUtilities/NSData+zlib (~> 7.11)"
    - nanopb (< 2.30910.0, >= 2.30908.0)
  - GoogleAppMeasurement/AdIdSupport (10.10.0):
    - GoogleAppMeasurement/WithoutAdIdSupport (= 10.10.0)
    - GoogleUtilities/AppDelegateSwizzler (~> 7.11)
    - GoogleUtilities/MethodSwizzler (~> 7.11)
    - GoogleUtilities/Network (~> 7.11)
    - "GoogleUtilities/NSData+zlib (~> 7.11)"
    - nanopb (< 2.30910.0, >= 2.30908.0)
  - GoogleAppMeasurement/WithoutAdIdSupport (10.10.0):
    - GoogleUtilities/AppDelegateSwizzler (~> 7.11)
    - GoogleUtilities/MethodSwizzler (~> 7.11)
    - GoogleUtilities/Network (~> 7.11)
    - "GoogleUtilities/NSData+zlib (~> 7.11)"
    - nanopb (< 2.30910.0, >= 2.30908.0)
  - GoogleUserMessagingPlatform (2.0.1)
  - GoogleUtilities/AppDelegateSwizzler (7.11.1):
    - GoogleUtilities/Environment
    - GoogleUtilities/Logger
    - GoogleUtilities/Network
  - GoogleUtilities/Environment (7.11.1):
    - PromisesObjC (< 3.0, >= 1.2)
  - GoogleUtilities/Logger (7.11.1):
    - GoogleUtilities/Environment
  - GoogleUtilities/MethodSwizzler (7.11.1):
    - GoogleUtilities/Logger
  - GoogleUtilities/Network (7.11.1):
    - GoogleUtilities/Logger
    - "GoogleUtilities/NSData+zlib"
    - GoogleUtilities/Reachability
  - "GoogleUtilities/NSData+zlib (7.11.1)"
  - GoogleUtilities/Reachability (7.11.1):
    - GoogleUtilities/Logger
  - InMobiSDK (10.1.2):
    - InMobiSDK/InMobiSDK (= 10.1.2)
  - InMobiSDK/Core (10.1.2)
  - InMobiSDK/InMobiSDK (10.1.2):
    - InMobiSDK/Core
  - KissXML (5.3.1):
    - KissXML/All (= 5.3.1)
  - KissXML/Additions (5.3.1):
    - KissXML/Core
  - KissXML/All (5.3.1):
    - KissXML/Additions
    - KissXML/Core
  - KissXML/Core (5.3.1)
  - NAMSDK (6.0.0):
    - NAMSDK/GFPSDK (= 6.0.0)
  - NAMSDK/GFPSDK (6.0.0):
    - KissXML (~> 5.2)
    - Naver-Ads-Services (~> 1.0.0)
  - NAMSDK/MediationDFP (6.0.0):
    - Google-Mobile-Ads-SDK (= 10.1.0)
    - NAMSDK/GFPSDK
  - NAMSDK/MediationFAN (6.0.0):
    - FBAudienceNetwork (= 6.12.0)
    - NAMSDK/GFPSDK
  - NAMSDK/MediationInMobi (6.0.0):
    - InMobiSDK (= 10.1.2)
    - NAMSDK/GFPSDK
  - NAMSDK/MediationNDA (6.0.0):
    - NAMSDK/GFPSDK
  - NAMSDK/MediationUnity (6.0.0):
    - NAMSDK/GFPSDK
    - UnityAds (= 4.6.1)
  - nanopb (2.30909.0):
    - nanopb/decode (= 2.30909.0)
    - nanopb/encode (= 2.30909.0)
  - nanopb/decode (2.30909.0)
  - nanopb/encode (2.30909.0)
  - Naver-Ads-Services (1.0.0)
  - PromisesObjC (2.2.0)
  - SnapKit (5.6.0)
  - UnityAds (4.6.1)

DEPENDENCIES:
  - AmazonPublisherServicesSDK (= 3.4.6)
  - NAMSDK (from `../`)
  - NAMSDK/MediationDFP (from `../`)
  - NAMSDK/MediationFAN (from `../`)
  - NAMSDK/MediationInMobi (from `../`)
  - NAMSDK/MediationNDA (from `../`)
  - NAMSDK/MediationUnity (from `../`)
  - SnapKit

SPEC REPOS:
  https://github.com/CocoaPods/Specs.git:
    - AmazonPublisherServicesSDK
    - FBAudienceNetwork
    - Google-Mobile-Ads-SDK
    - GoogleAppMeasurement
    - GoogleUserMessagingPlatform
    - GoogleUtilities
    - InMobiSDK
    - KissXML
    - nanopb
    - Naver-Ads-Services
    - PromisesObjC
    - SnapKit
    - UnityAds

EXTERNAL SOURCES:
  NAMSDK:
    :path: "../"

SPEC CHECKSUMS:
  AmazonPublisherServicesSDK: d302b2e4695be199fa520786f66570499cff6c94
  FBAudienceNetwork: e0fcc9091fced34910ed0b6da06f129db46ac9e6
  Google-Mobile-Ads-SDK: 894be2e3e3e8281004bda14381f9af7ad73eeffd
  GoogleAppMeasurement: bbbfd4bcb2b40ae9b772c3b0823a58c1e3d618f9
  GoogleUserMessagingPlatform: 5f8b30daf181805317b6b985bb51c1ff3beca054
  GoogleUtilities: 9aa0ad5a7bc171f8bae016300bfcfa3fb8425749
  InMobiSDK: 53fef744477945477a863b4eed8612578a20a266
  KissXML: 5c8e0f2e8b9f071d3e1ae123dec3eb5da615c10c
  NAMSDK: b73c0131137dec7e1011f5985e80a507f2c31aca
  nanopb: b552cce312b6c8484180ef47159bc0f65a1f0431
  Naver-Ads-Services: e309edd083f9a07bf5038fe740927a9b125772a6
  PromisesObjC: 09985d6d70fbe7878040aa746d78236e6946d2ef
  SnapKit: e01d52ebb8ddbc333eefe2132acf85c8227d9c25
  UnityAds: 824808c73af90fe4302ee0594381c8d515e5ce97

PODFILE CHECKSUM: 586ed48d725ac5f50cb7f710e22c0deb083994b8

COCOAPODS: 1.12.1
